lockfileVersion: 5.4

specifiers:
  algoliasearch: ^4.17.0
  chokidar: ^3.5.3
  dotenv: ^16.0.3
  fast-glob: ^3.2.12
  front-matter: ^4.0.2
  lodash: ^4.17.21
  path: ^0.12.7

devDependencies:
  algoliasearch: 4.17.0
  chokidar: 3.5.3
  dotenv: 16.0.3
  fast-glob: 3.2.12
  front-matter: 4.0.2
  lodash: 4.17.21
  path: 0.12.7

packages:

  /@algolia/cache-browser-local-storage/4.17.0:
    resolution: {integrity: sha512-myRSRZDIMYB8uCkO+lb40YKiYHi0fjpWRtJpR/dgkaiBlSD0plRyB6lLOh1XIfmMcSeBOqDE7y9m8xZMrXYfyQ==}
    dependencies:
      '@algolia/cache-common': 4.17.0
    dev: true

  /@algolia/cache-common/4.17.0:
    resolution: {integrity: sha512-g8mXzkrcUBIPZaulAuqE7xyHhLAYAcF2xSch7d9dABheybaU3U91LjBX6eJTEB7XVhEsgK4Smi27vWtAJRhIKQ==}
    dev: true

  /@algolia/cache-in-memory/4.17.0:
    resolution: {integrity: sha512-PT32ciC/xI8z919d0oknWVu3kMfTlhQn3MKxDln3pkn+yA7F7xrxSALysxquv+MhFfNAcrtQ/oVvQVBAQSHtdw==}
    dependencies:
      '@algolia/cache-common': 4.17.0
    dev: true

  /@algolia/client-account/4.17.0:
    resolution: {integrity: sha512-sSEHx9GA6m7wrlsSMNBGfyzlIfDT2fkz2u7jqfCCd6JEEwmxt8emGmxAU/0qBfbhRSuGvzojoLJlr83BSZAKjA==}
    dependencies:
      '@algolia/client-common': 4.17.0
      '@algolia/client-search': 4.17.0
      '@algolia/transporter': 4.17.0
    dev: true

  /@algolia/client-analytics/4.17.0:
    resolution: {integrity: sha512-84ooP8QA3mQ958hQ9wozk7hFUbAO+81CX1CjAuerxBqjKIInh1fOhXKTaku05O/GHBvcfExpPLIQuSuLYziBXQ==}
    dependencies:
      '@algolia/client-common': 4.17.0
      '@algolia/client-search': 4.17.0
      '@algolia/requester-common': 4.17.0
      '@algolia/transporter': 4.17.0
    dev: true

  /@algolia/client-common/4.17.0:
    resolution: {integrity: sha512-jHMks0ZFicf8nRDn6ma8DNNsdwGgP/NKiAAL9z6rS7CymJ7L0+QqTJl3rYxRW7TmBhsUH40wqzmrG6aMIN/DrQ==}
    dependencies:
      '@algolia/requester-common': 4.17.0
      '@algolia/transporter': 4.17.0
    dev: true

  /@algolia/client-personalization/4.17.0:
    resolution: {integrity: sha512-RMzN4dZLIta1YuwT7QC9o+OeGz2cU6eTOlGNE/6RcUBLOU3l9tkCOdln5dPE2jp8GZXPl2yk54b2nSs1+pAjqw==}
    dependencies:
      '@algolia/client-common': 4.17.0
      '@algolia/requester-common': 4.17.0
      '@algolia/transporter': 4.17.0
    dev: true

  /@algolia/client-search/4.17.0:
    resolution: {integrity: sha512-x4P2wKrrRIXszT8gb7eWsMHNNHAJs0wE7/uqbufm4tZenAp+hwU/hq5KVsY50v+PfwM0LcDwwn/1DroujsTFoA==}
    dependencies:
      '@algolia/client-common': 4.17.0
      '@algolia/requester-common': 4.17.0
      '@algolia/transporter': 4.17.0
    dev: true

  /@algolia/logger-common/4.17.0:
    resolution: {integrity: sha512-DGuoZqpTmIKJFDeyAJ7M8E/LOenIjWiOsg1XJ1OqAU/eofp49JfqXxbfgctlVZVmDABIyOz8LqEoJ6ZP4DTyvw==}
    dev: true

  /@algolia/logger-console/4.17.0:
    resolution: {integrity: sha512-zMPvugQV/gbXUvWBCzihw6m7oxIKp48w37QBIUu/XqQQfxhjoOE9xyfJr1KldUt5FrYOKZJVsJaEjTsu+bIgQg==}
    dependencies:
      '@algolia/logger-common': 4.17.0
    dev: true

  /@algolia/requester-browser-xhr/4.17.0:
    resolution: {integrity: sha512-aSOX/smauyTkP21Pf52pJ1O2LmNFJ5iHRIzEeTh0mwBeADO4GdG94cAWDILFA9rNblq/nK3EDh3+UyHHjplZ1A==}
    dependencies:
      '@algolia/requester-common': 4.17.0
    dev: true

  /@algolia/requester-common/4.17.0:
    resolution: {integrity: sha512-XJjmWFEUlHu0ijvcHBoixuXfEoiRUdyzQM6YwTuB8usJNIgShua8ouFlRWF8iCeag0vZZiUm4S2WCVBPkdxFgg==}
    dev: true

  /@algolia/requester-node-http/4.17.0:
    resolution: {integrity: sha512-bpb/wDA1aC6WxxM8v7TsFspB7yBN3nqCGs2H1OADolQR/hiAIjAxusbuMxVbRFOdaUvAIqioIIkWvZdpYNIn8w==}
    dependencies:
      '@algolia/requester-common': 4.17.0
    dev: true

  /@algolia/transporter/4.17.0:
    resolution: {integrity: sha512-6xL6H6fe+Fi0AEP3ziSgC+G04RK37iRb4uUUqVAH9WPYFI8g+LYFq6iv5HS8Cbuc5TTut+Bwj6G+dh/asdb9uA==}
    dependencies:
      '@algolia/cache-common': 4.17.0
      '@algolia/logger-common': 4.17.0
      '@algolia/requester-common': 4.17.0
    dev: true

  /@nodelib/fs.scandir/2.1.5:
    resolution: {integrity: sha512-vq24Bq3ym5HEQm2NKCr3yXDwjc7vTsEThRDnkp2DK9p1uqLR+DHurm/NOTo0KG7HYHU7eppKZj3MyqYuMBf62g==}
    engines: {node: '>= 8'}
    dependencies:
      '@nodelib/fs.stat': 2.0.5
      run-parallel: 1.2.0
    dev: true

  /@nodelib/fs.stat/2.0.5:
    resolution: {integrity: sha512-RkhPPp2zrqDAQA/2jNhnztcPAlv64XdhIp7a7454A5ovI7Bukxgt7MX7udwAu3zg1DcpPU0rz3VV1SeaqvY4+A==}
    engines: {node: '>= 8'}
    dev: true

  /@nodelib/fs.walk/1.2.8:
    resolution: {integrity: sha512-oGB+UxlgWcgQkgwo8GcEGwemoTFt3FIO9ababBmaGwXIoBKZ+GTy0pP185beGg7Llih/NSHSV2XAs1lnznocSg==}
    engines: {node: '>= 8'}
    dependencies:
      '@nodelib/fs.scandir': 2.1.5
      fastq: 1.15.0
    dev: true

  /algoliasearch/4.17.0:
    resolution: {integrity: sha512-JMRh2Mw6sEnVMiz6+APsi7lx9a2jiDFF+WUtANaUVCv6uSU9UOLdo5h9K3pdP6frRRybaM2fX8b1u0nqICS9aA==}
    dependencies:
      '@algolia/cache-browser-local-storage': 4.17.0
      '@algolia/cache-common': 4.17.0
      '@algolia/cache-in-memory': 4.17.0
      '@algolia/client-account': 4.17.0
      '@algolia/client-analytics': 4.17.0
      '@algolia/client-common': 4.17.0
      '@algolia/client-personalization': 4.17.0
      '@algolia/client-search': 4.17.0
      '@algolia/logger-common': 4.17.0
      '@algolia/logger-console': 4.17.0
      '@algolia/requester-browser-xhr': 4.17.0
      '@algolia/requester-common': 4.17.0
      '@algolia/requester-node-http': 4.17.0
      '@algolia/transporter': 4.17.0
    dev: true

  /anymatch/3.1.3:
    resolution: {integrity: sha512-KMReFUr0B4t+D+OBkjR3KYqvocp2XaSzO55UcB6mgQMd3KbcE+mWTyvVV7D/zsdEbNnV6acZUutkiHQXvTr1Rw==}
    engines: {node: '>= 8'}
    dependencies:
      normalize-path: 3.0.0
      picomatch: 2.3.1
    dev: true

  /argparse/1.0.10:
    resolution: {integrity: sha512-o5Roy6tNG4SL/FOkCAN6RzjiakZS25RLYFrcMttJqbdd8BWrnA+fGz57iN5Pb06pvBGvl5gQ0B48dJlslXvoTg==}
    dependencies:
      sprintf-js: 1.0.3
    dev: true

  /binary-extensions/2.2.0:
    resolution: {integrity: sha512-jDctJ/IVQbZoJykoeHbhXpOlNBqGNcwXJKJog42E5HDPUwQTSdjCHdihjj0DlnheQ7blbT6dHOafNAiS8ooQKA==}
    engines: {node: '>=8'}
    dev: true

  /braces/3.0.2:
    resolution: {integrity: sha512-b8um+L1RzM3WDSzvhm6gIz1yfTbBt6YTlcEKAvsmqCZZFw46z626lVj9j1yEPW33H5H+lBQpZMP1k8l+78Ha0A==}
    engines: {node: '>=8'}
    dependencies:
      fill-range: 7.0.1
    dev: true

  /chokidar/3.5.3:
    resolution: {integrity: sha512-Dr3sfKRP6oTcjf2JmUmFJfeVMvXBdegxB0iVQ5eb2V10uFJUCAS8OByZdVAyVb8xXNz3GjjTgj9kLWsZTqE6kw==}
    engines: {node: '>= 8.10.0'}
    dependencies:
      anymatch: 3.1.3
      braces: 3.0.2
      glob-parent: 5.1.2
      is-binary-path: 2.1.0
      is-glob: 4.0.3
      normalize-path: 3.0.0
      readdirp: 3.6.0
    optionalDependencies:
      fsevents: 2.3.2
    dev: true

  /dotenv/16.0.3:
    resolution: {integrity: sha512-7GO6HghkA5fYG9TYnNxi14/7K9f5occMlp3zXAuSxn7CKCxt9xbNWG7yF8hTCSUchlfWSe3uLmlPfigevRItzQ==}
    engines: {node: '>=12'}
    dev: true

  /esprima/4.0.1:
    resolution: {integrity: sha512-eGuFFw7Upda+g4p+QHvnW0RyTX/SVeJBDM/gCtMARO0cLuT2HcEKnTPvhjV6aGeqrCB/sbNop0Kszm0jsaWU4A==}
    engines: {node: '>=4'}
    hasBin: true
    dev: true

  /fast-glob/3.2.12:
    resolution: {integrity: sha512-DVj4CQIYYow0BlaelwK1pHl5n5cRSJfM60UA0zK891sVInoPri2Ekj7+e1CT3/3qxXenpI+nBBmQAcJPJgaj4w==}
    engines: {node: '>=8.6.0'}
    dependencies:
      '@nodelib/fs.stat': 2.0.5
      '@nodelib/fs.walk': 1.2.8
      glob-parent: 5.1.2
      merge2: 1.4.1
      micromatch: 4.0.5
    dev: true

  /fastq/1.15.0:
    resolution: {integrity: sha512-wBrocU2LCXXa+lWBt8RoIRD89Fi8OdABODa/kEnyeyjS5aZO5/GNvI5sEINADqP/h8M29UHTHUb53sUu5Ihqdw==}
    dependencies:
      reusify: 1.0.4
    dev: true

  /fill-range/7.0.1:
    resolution: {integrity: sha512-qOo9F+dMUmC2Lcb4BbVvnKJxTPjCm+RRpe4gDuGrzkL7mEVl/djYSu2OdQ2Pa302N4oqkSg9ir6jaLWJ2USVpQ==}
    engines: {node: '>=8'}
    dependencies:
      to-regex-range: 5.0.1
    dev: true

  /front-matter/4.0.2:
    resolution: {integrity: sha512-I8ZuJ/qG92NWX8i5x1Y8qyj3vizhXS31OxjKDu3LKP+7/qBgfIKValiZIEwoVoJKUHlhWtYrktkxV1XsX+pPlg==}
    dependencies:
      js-yaml: 3.14.1
    dev: true

  /fsevents/2.3.2:
    resolution: {integrity: sha512-xiqMQR4xAeHTuB9uWm+fFRcIOgKBMiOBP+eXiyT7jsgVCq1bkVygt00oASowB7EdtpOHaaPgKt812P9ab+DDKA==}
    engines: {node: ^8.16.0 || ^10.6.0 || >=11.0.0}
    os: [darwin]
    requiresBuild: true
    dev: true
    optional: true

  /glob-parent/5.1.2:
    resolution: {integrity: sha512-AOIgSQCepiJYwP3ARnGx+5VnTu2HBYdzbGP45eLw1vr3zB3vZLeyed1sC9hnbcOc9/SrMyM5RPQrkGz4aS9Zow==}
    engines: {node: '>= 6'}
    dependencies:
      is-glob: 4.0.3
    dev: true

  /inherits/2.0.3:
    resolution: {integrity: sha512-x00IRNXNy63jwGkJmzPigoySHbaqpNuzKbBOmzK+g2OdZpQ9w+sxCN+VSB3ja7IAge2OP2qpfxTjeNcyjmW1uw==}
    dev: true

  /is-binary-path/2.1.0:
    resolution: {integrity: sha512-ZMERYes6pDydyuGidse7OsHxtbI7WVeUEozgR/g7rd0xUimYNlvZRE/K2MgZTjWy725IfelLeVcEM97mmtRGXw==}
    engines: {node: '>=8'}
    dependencies:
      binary-extensions: 2.2.0
    dev: true

  /is-extglob/2.1.1:
    resolution: {integrity: sha512-SbKbANkN603Vi4jEZv49LeVJMn4yGwsbzZworEoyEiutsN3nJYdbO36zfhGJ6QEDpOZIFkDtnq5JRxmvl3jsoQ==}
    engines: {node: '>=0.10.0'}
    dev: true

  /is-glob/4.0.3:
    resolution: {integrity: sha512-xelSayHH36ZgE7ZWhli7pW34hNbNl8Ojv5KVmkJD4hBdD3th8Tfk9vYasLM+mXWOZhFkgZfxhLSnrwRr4elSSg==}
    engines: {node: '>=0.10.0'}
    dependencies:
      is-extglob: 2.1.1
    dev: true

  /is-number/7.0.0:
    resolution: {integrity: sha512-41Cifkg6e8TylSpdtTpeLVMqvSBEVzTttHvERD741+pnZ8ANv0004MRL43QKPDlK9cGvNp6NZWZUBlbGXYxxng==}
    engines: {node: '>=0.12.0'}
    dev: true

  /js-yaml/3.14.1:
    resolution: {integrity: sha512-okMH7OXXJ7YrN9Ok3/SXrnu4iX9yOk+25nqX4imS2npuvTYDmo/QEZoqwZkYaIDk3jVvBOTOIEgEhaLOynBS9g==}
    hasBin: true
    dependencies:
      argparse: 1.0.10
      esprima: 4.0.1
    dev: true

  /lodash/4.17.21:
    resolution: {integrity: sha512-v2kDEe57lecTulaDIuNTPy3Ry4gLGJ6Z1O3vE1krgXZNrsQ+LFTGHVxVjcXPs17LhbZVGedAJv8XZ1tvj5FvSg==}
    dev: true

  /merge2/1.4.1:
    resolution: {integrity: sha512-8q7VEgMJW4J8tcfVPy8g09NcQwZdbwFEqhe/WZkoIzjn/3TGDwtOCYtXGxA3O8tPzpczCCDgv+P2P5y00ZJOOg==}
    engines: {node: '>= 8'}
    dev: true

  /micromatch/4.0.5:
    resolution: {integrity: sha512-DMy+ERcEW2q8Z2Po+WNXuw3c5YaUSFjAO5GsJqfEl7UjvtIuFKO6ZrKvcItdy98dwFI2N1tg3zNIdKaQT+aNdA==}
    engines: {node: '>=8.6'}
    dependencies:
      braces: 3.0.2
      picomatch: 2.3.1
    dev: true

  /normalize-path/3.0.0:
    resolution: {integrity: sha512-6eZs5Ls3WtCisHWp9S2GUy8dqkpGi4BVSz3GaqiE6ezub0512ESztXUwUB6C6IKbQkY2Pnb/mD4WYojCRwcwLA==}
    engines: {node: '>=0.10.0'}
    dev: true

  /path/0.12.7:
    resolution: {integrity: sha512-aXXC6s+1w7otVF9UletFkFcDsJeO7lSZBPUQhtb5O0xJe8LtYhj/GxldoL09bBj9+ZmE2hNoHqQSFMN5fikh4Q==}
    dependencies:
      process: 0.11.10
      util: 0.10.4
    dev: true

  /picomatch/2.3.1:
    resolution: {integrity: sha512-JU3teHTNjmE2VCGFzuY8EXzCDVwEqB2a8fsIvwaStHhAWJEeVd1o1QD80CU6+ZdEXXSLbSsuLwJjkCBWqRQUVA==}
    engines: {node: '>=8.6'}
    dev: true

  /process/0.11.10:
    resolution: {integrity: sha512-cdGef/drWFoydD1JsMzuFf8100nZl+GT+yacc2bEced5f9Rjk4z+WtFUTBu9PhOi9j/jfmBPu0mMEY4wIdAF8A==}
    engines: {node: '>= 0.6.0'}
    dev: true

  /queue-microtask/1.2.3:
    resolution: {integrity: sha512-NuaNSa6flKT5JaSYQzJok04JzTL1CA6aGhv5rfLW3PgqA+M2ChpZQnAC8h8i4ZFkBS8X5RqkDBHA7r4hej3K9A==}
    dev: true

  /readdirp/3.6.0:
    resolution: {integrity: sha512-hOS089on8RduqdbhvQ5Z37A0ESjsqz6qnRcffsMU3495FuTdqSm+7bhJ29JvIOsBDEEnan5DPu9t3To9VRlMzA==}
    engines: {node: '>=8.10.0'}
    dependencies:
      picomatch: 2.3.1
    dev: true

  /reusify/1.0.4:
    resolution: {integrity: sha512-U9nH88a3fc/ekCF1l0/UP1IosiuIjyTh7hBvXVMHYgVcfGvt897Xguj2UOLDeI5BG2m7/uwyaLVT6fbtCwTyzw==}
    engines: {iojs: '>=1.0.0', node: '>=0.10.0'}
    dev: true

  /run-parallel/1.2.0:
    resolution: {integrity: sha512-5l4VyZR86LZ/lDxZTR6jqL8AFE2S0IFLMP26AbjsLVADxHdhB/c0GUsH+y39UfCi3dzz8OlQuPmnaJOMoDHQBA==}
    dependencies:
      queue-microtask: 1.2.3
    dev: true

  /sprintf-js/1.0.3:
    resolution: {integrity: sha512-D9cPgkvLlV3t3IzL0D0YLvGA9Ahk4PcvVwUbN0dSGr1aP0Nrt4AEnTUbuGvquEC0mA64Gqt1fzirlRs5ibXx8g==}
    dev: true

  /to-regex-range/5.0.1:
    resolution: {integrity: sha512-65P7iz6X5yEr1cwcgvQxbbIw7Uk3gOy5dIdtZ4rDveLqhrdJP+Li/Hx6tyK0NEb+2GCyneCMJiGqrADCSNk8sQ==}
    engines: {node: '>=8.0'}
    dependencies:
      is-number: 7.0.0
    dev: true

  /util/0.10.4:
    resolution: {integrity: sha512-0Pm9hTQ3se5ll1XihRic3FDIku70C+iHUdT/W926rSgHV5QgXsYbKZN8MSC3tJtSkhuROzvsQjAaFENRXr+19A==}
    dependencies:
      inherits: 2.0.3
    dev: true
